
Microsoft Visual Studio Solution File, Format Version 12.00
Project("{FAE04EC0-301F-11D3-BF4B-00C04F79EFBC}") = "FizzBuzz", "FizzBuzz\FizzBuzz.csproj", "{4A54624C-C617-403E-9F9E-EBD676B44F65}"
EndProject
Project("{FAE04EC0-301F-11D3-BF4B-00C04F79EFBC}") = "FizzBuzz.Tests", "FizzBuzz.Tests\FizzBuzz.Tests.csproj", "{E44020C6-F736-4966-BADC-B0BB558B99F9}"
EndProject
Project("{FAE04EC0-301F-11D3-BF4B-00C04F79EFBC}") = "Fibonacci", "Fibonacci\Fibonacci.csproj", "{8DF7411F-2839-4741-A3DD-8FCEB75F7DE7}"
EndProject
Project("{FAE04EC0-301F-11D3-BF4B-00C04F79EFBC}") = "Fibonacci.Tests", "Fibonacci.Tests\Fibonacci.Tests.csproj", "{A6CF3F47-BE5E-4A03-8718-1171A28E27EE}"
EndProject
Project("{FAE04EC0-301F-11D3-BF4B-00C04F79EFBC}") = "Bridge", "Bridge\Bridge.csproj", "{32C60CB9-D668-4431-9AB3-39B41D2A0915}"
EndProject
Project("{FAE04EC0-301F-11D3-BF4B-00C04F79EFBC}") = "Bridge.Tests", "Bridge.Tests\Bridge.Tests.csproj", "{BCF4B53B-8AEB-4AB5-AC9D-FBEAF506ADF2}"
EndProject
Global
	GlobalSection(SolutionConfigurationPlatforms) = preSolution
		Debug|Any CPU = Debug|Any CPU
		Release|Any CPU = Release|Any CPU
	EndGlobalSection
	GlobalSection(ProjectConfigurationPlatforms) = postSolution
		{4A54624C-C617-403E-9F9E-EBD676B44F65}.Debug|Any CPU.ActiveCfg = Debug|Any CPU
		{4A54624C-C617-403E-9F9E-EBD676B44F65}.Debug|Any CPU.Build.0 = Debug|Any CPU
		{4A54624C-C617-403E-9F9E-EBD676B44F65}.Release|Any CPU.ActiveCfg = Release|Any CPU
		{4A54624C-C617-403E-9F9E-EBD676B44F65}.Release|Any CPU.Build.0 = Release|Any CPU
		{E44020C6-F736-4966-BADC-B0BB558B99F9}.Debug|Any CPU.ActiveCfg = Debug|Any CPU
		{E44020C6-F736-4966-BADC-B0BB558B99F9}.Debug|Any CPU.Build.0 = Debug|Any CPU
		{E44020C6-F736-4966-BADC-B0BB558B99F9}.Release|Any CPU.ActiveCfg = Release|Any CPU
		{E44020C6-F736-4966-BADC-B0BB558B99F9}.Release|Any CPU.Build.0 = Release|Any CPU
		{8DF7411F-2839-4741-A3DD-8FCEB75F7DE7}.Debug|Any CPU.ActiveCfg = Debug|Any CPU
		{8DF7411F-2839-4741-A3DD-8FCEB75F7DE7}.Debug|Any CPU.Build.0 = Debug|Any CPU
		{8DF7411F-2839-4741-A3DD-8FCEB75F7DE7}.Release|Any CPU.ActiveCfg = Release|Any CPU
		{8DF7411F-2839-4741-A3DD-8FCEB75F7DE7}.Release|Any CPU.Build.0 = Release|Any CPU
		{A6CF3F47-BE5E-4A03-8718-1171A28E27EE}.Debug|Any CPU.ActiveCfg = Debug|Any CPU
		{A6CF3F47-BE5E-4A03-8718-1171A28E27EE}.Debug|Any CPU.Build.0 = Debug|Any CPU
		{A6CF3F47-BE5E-4A03-8718-1171A28E27EE}.Release|Any CPU.ActiveCfg = Release|Any CPU
		{A6CF3F47-BE5E-4A03-8718-1171A28E27EE}.Release|Any CPU.Build.0 = Release|Any CPU
		{32C60CB9-D668-4431-9AB3-39B41D2A0915}.Debug|Any CPU.ActiveCfg = Debug|Any CPU
		{32C60CB9-D668-4431-9AB3-39B41D2A0915}.Debug|Any CPU.Build.0 = Debug|Any CPU
		{32C60CB9-D668-4431-9AB3-39B41D2A0915}.Release|Any CPU.ActiveCfg = Release|Any CPU
		{32C60CB9-D668-4431-9AB3-39B41D2A0915}.Release|Any CPU.Build.0 = Release|Any CPU
		{BCF4B53B-8AEB-4AB5-AC9D-FBEAF506ADF2}.Debug|Any CPU.ActiveCfg = Debug|Any CPU
		{BCF4B53B-8AEB-4AB5-AC9D-FBEAF506ADF2}.Debug|Any CPU.Build.0 = Debug|Any CPU
		{BCF4B53B-8AEB-4AB5-AC9D-FBEAF506ADF2}.Release|Any CPU.ActiveCfg = Release|Any CPU
		{BCF4B53B-8AEB-4AB5-AC9D-FBEAF506ADF2}.Release|Any CPU.Build.0 = Release|Any CPU
	EndGlobalSection
EndGlobal
